PODS:
  - Alamofire (4.8.1)
  - INTULocationManager (4.3.2)
  - SVProgressHUD (2.2.5)
  - SwiftyJSON (4.2.0)

DEPENDENCIES:
  - Alamofire
  - INTULocationManager
  - SVProgressHUD
  - SwiftyJSON

SPEC REPOS:
  https://github.com/cocoapods/specs.git:
    - Alamofire
    - INTULocationManager
    - SVProgressHUD
    - SwiftyJSON

SPEC CHECKSUMS:
  Alamofire: 16ce2c353fb72865124ddae8a57c5942388f4f11
  INTULocationManager: e5dc524611b0cd582f473bc56cc8c389adb2f338
  SVProgressHUD: 1428aafac632c1f86f62aa4243ec12008d7a51d6
  SwiftyJSON: c4bcba26dd9ec7a027fc8eade48e2c911f229e96

PODFILE CHECKSUM: fa5d31d07401d441029ea11f36bb4a2e70566a78

COCOAPODS: 1.6.1
